
Microsoft Visual Studio Solution File, Format Version 12.00
# Visual Studio Version 17
VisualStudioVersion = 17.8.34525.116
MinimumVisualStudioVersion = 10.0.40219.1
Project("{FAE04EC0-301F-11D3-BF4B-00C04F79EFBC}") = "UI", "UI\UI.csproj", "{0833BDB6-6494-4A48-9EA6-185D58318CC2}"
EndProject
Project("{FAE04EC0-301F-11D3-BF4B-00C04F79EFBC}") = "Core", "Core\Core.csproj", "{D030C523-6842-4777-AF7D-44993FB04486}"
EndProject
Project("{FAE04EC0-301F-11D3-BF4B-00C04F79EFBC}") = "Data", "Data\Data.csproj", "{93769668-94D1-4AC5-9E57-8890E4EB6835}"
EndProject
Project("{FAE04EC0-301F-11D3-BF4B-00C04F79EFBC}") = "Service", "Service\Service.csproj", "{32488053-0269-4F20-BF05-B4D150415ECC}"
EndProject
Project("{FAE04EC0-301F-11D3-BF4B-00C04F79EFBC}") = "Migrations", "Migrations\Migrations.csproj", "{142E8627-5FE8-481A-9905-D02C3B91937C}"
EndProject
Global
	GlobalSection(SolutionConfigurationPlatforms) = preSolution
		Debug|Any CPU = Debug|Any CPU
		Release|Any CPU = Release|Any CPU
	EndGlobalSection
	GlobalSection(ProjectConfigurationPlatforms) = postSolution
		{0833BDB6-6494-4A48-9EA6-185D58318CC2}.Debug|Any CPU.ActiveCfg = Debug|Any CPU
		{0833BDB6-6494-4A48-9EA6-185D58318CC2}.Debug|Any CPU.Build.0 = Debug|Any CPU
		{0833BDB6-6494-4A48-9EA6-185D58318CC2}.Debug|Any CPU.Deploy.0 = Debug|Any CPU
		{0833BDB6-6494-4A48-9EA6-185D58318CC2}.Release|Any CPU.ActiveCfg = Release|Any CPU
		{0833BDB6-6494-4A48-9EA6-185D58318CC2}.Release|Any CPU.Build.0 = Release|Any CPU
		{0833BDB6-6494-4A48-9EA6-185D58318CC2}.Release|Any CPU.Deploy.0 = Release|Any CPU
		{D030C523-6842-4777-AF7D-44993FB04486}.Debug|Any CPU.ActiveCfg = Release|Any CPU
		{D030C523-6842-4777-AF7D-44993FB04486}.Debug|Any CPU.Build.0 = Release|Any CPU
		{D030C523-6842-4777-AF7D-44993FB04486}.Release|Any CPU.ActiveCfg = Release|Any CPU
		{D030C523-6842-4777-AF7D-44993FB04486}.Release|Any CPU.Build.0 = Release|Any CPU
		{93769668-94D1-4AC5-9E57-8890E4EB6835}.Debug|Any CPU.ActiveCfg = Debug|Any CPU
		{93769668-94D1-4AC5-9E57-8890E4EB6835}.Debug|Any CPU.Build.0 = Debug|Any CPU
		{93769668-94D1-4AC5-9E57-8890E4EB6835}.Release|Any CPU.ActiveCfg = Release|Any CPU
		{93769668-94D1-4AC5-9E57-8890E4EB6835}.Release|Any CPU.Build.0 = Release|Any CPU
		{32488053-0269-4F20-BF05-B4D150415ECC}.Debug|Any CPU.ActiveCfg = Debug|Any CPU
		{32488053-0269-4F20-BF05-B4D150415ECC}.Debug|Any CPU.Build.0 = Debug|Any CPU
		{32488053-0269-4F20-BF05-B4D150415ECC}.Release|Any CPU.ActiveCfg = Release|Any CPU
		{32488053-0269-4F20-BF05-B4D150415ECC}.Release|Any CPU.Build.0 = Release|Any CPU
		{142E8627-5FE8-481A-9905-D02C3B91937C}.Debug|Any CPU.ActiveCfg = Debug|Any CPU
		{142E8627-5FE8-481A-9905-D02C3B91937C}.Debug|Any CPU.Build.0 = Debug|Any CPU
		{142E8627-5FE8-481A-9905-D02C3B91937C}.Release|Any CPU.ActiveCfg = Release|Any CPU
		{142E8627-5FE8-481A-9905-D02C3B91937C}.Release|Any CPU.Build.0 = Release|Any CPU
	EndGlobalSection
	GlobalSection(SolutionProperties) = preSolution
		HideSolutionNode = FALSE
	EndGlobalSection
	GlobalSection(ExtensibilityGlobals) = postSolution
		SolutionGuid = {43777417-BEEA-4451-85A5-A136A08D7E0C}
	EndGlobalSection
EndGlobal
